
Microsoft Visual Studio Solution File, Format Version 12.00
# Visual Studio Version 17
VisualStudioVersion = 17.4.33213.308
MinimumVisualStudioVersion = 10.0.40219.1
Project("{FAE04EC0-301F-11D3-BF4B-00C04F79EFBC}") = "MatrixPOS", "MatrixPOS\MatrixPOS.csproj", "{3F727139-13E1-4AE9-94E7-C569CCF5F134}"
EndProject
Global
	GlobalSection(SolutionConfigurationPlatforms) = preSolution
		Debug|Any CPU = Debug|Any CPU
		Release|Any CPU = Release|Any CPU
	EndGlobalSection
	GlobalSection(ProjectConfigurationPlatforms) = postSolution
		{3F727139-13E1-4AE9-94E7-C569CCF5F134}.Debug|Any CPU.ActiveCfg = Debug|Any CPU
		{3F727139-13E1-4AE9-94E7-C569CCF5F134}.Debug|Any CPU.Build.0 = Debug|Any CPU
		{3F727139-13E1-4AE9-94E7-C569CCF5F134}.Release|Any CPU.ActiveCfg = Release|Any CPU
		{3F727139-13E1-4AE9-94E7-C569CCF5F134}.Release|Any CPU.Build.0 = Release|Any CPU
	EndGlobalSection
	GlobalSection(SolutionProperties) = preSolution
		HideSolutionNode = FALSE
	EndGlobalSection
	GlobalSection(ExtensibilityGlobals) = postSolution
		SolutionGuid = {59DE127B-FF3E-4067-8222-30EB97CFEE98}
	EndGlobalSection
EndGlobal
